<?xml version="1.0" encoding="utf-8"?>
<Project ToolsVersion="4.0" xmlns="http://schemas.microsoft.com/developer/msbuild/2003">
  <ItemGroup>
    <Filter Include="ソース ファイル">
      <UniqueIdentifier>{4FC737F1-C7A5-4376-A066-2A32D752A2FF}</UniqueIdentifier>
      <Extensions>cpp;c;cc;cxx;def;odl;idl;hpj;bat;asm;asmx</Extensions>
    </Filter>
    <Filter Include="ヘッダー ファイル">
      <UniqueIdentifier>{93995380-89BD-4b04-88EB-625FBE52EBFB}</UniqueIdentifier>
      <Extensions>h;hh;hpp;hxx;hm;inl;inc;xsd</Extensions>
    </Filter>
    <Filter Include="リソース ファイル">
      <UniqueIdentifier>{67DA6AB6-F800-4c08-8B7A-83BB121AAD01}</UniqueIdentifier>
      <Extensions>rc;ico;cur;bmp;dlg;rc2;rct;bin;rgs;gif;jpg;jpeg;jpe;resx;tiff;tif;png;wav;mfcribbon-ms</Extensions>
    </Filter>
    <Filter Include="ヘッダー ファイル\Fixed">
      <UniqueIdentifier>{40ddb5cb-b92d-4017-87f5-4108a68afc80}</UniqueIdentifier>
    </Filter>
    <Filter Include="ヘッダー ファイル\Moving">
      <UniqueIdentifier>{a4cb8f31-cc8e-4116-b5f0-dd8375d4c454}</UniqueIdentifier>
    </Filter>
    <Filter Include="ソース ファイル\Fixed">
      <UniqueIdentifier>{a74637c9-4a50-4c96-a04f-aca787b7be25}</UniqueIdentifier>
    </Filter>
    <Filter Include="ソース ファイル\Moving">
      <UniqueIdentifier>{1a023d4e-7fe5-488b-9b0c-3ef543c5372f}</UniqueIdentifier>
    </Filter>
    <Filter Include="ヘッダー ファイル\Common">
      <UniqueIdentifier>{be8c39fa-9f16-4fe9-925c-f40c31a6b27a}</UniqueIdentifier>
    </Filter>
    <Filter Include="ソース ファイル\Common">
      <UniqueIdentifier>{51ff0975-3c78-4820-aa83-6c9de9163ef8}</UniqueIdentifier>
    </Filter>
  </ItemGroup>
  <ItemGroup>
    <ClCompile Include="MGFixedBoard.cpp">
      <Filter>ソース ファイル\Fixed</Filter>
    </ClCompile>
    <ClCompile Include="MGMovingBoard.cpp">
      <Filter>ソース ファイル\Moving</Filter>
    </ClCompile>
    <ClCompile Include="MGBoard.cpp">
      <Filter>ソース ファイル\Common</Filter>
    </ClCompile>
    <ClCompile Include="MGApplicationMain.cpp">
      <Filter>ソース ファイル\Common</Filter>
    </ClCompile>
    <ClCompile Include="main.cpp">
      <Filter>ソース ファイル\Common</Filter>
    </ClCompile>
    <ClCompile Include="graphics.cpp">
      <Filter>ソース ファイル\Common</Filter>
    </ClCompile>
  </ItemGroup>
  <ItemGroup>
    <ClInclude Include="MGFixedPiece.h">
      <Filter>ヘッダー ファイル\Fixed</Filter>
    </ClInclude>
    <ClInclude Include="MGMovingPiece.h">
      <Filter>ヘッダー ファイル\Moving</Filter>
    </ClInclude>
    <ClInclude Include="MGFixedBoard.h">
      <Filter>ヘッダー ファイル\Fixed</Filter>
    </ClInclude>
    <ClInclude Include="MGMovingBoard.h">
      <Filter>ヘッダー ファイル\Moving</Filter>
    </ClInclude>
    <ClInclude Include="MGFixedTimer.h">
      <Filter>ヘッダー ファイル\Fixed</Filter>
    </ClInclude>
    <ClInclude Include="MGMovingTimer.h">
      <Filter>ヘッダー ファイル\Moving</Filter>
    </ClInclude>
    <ClInclude Include="common.h">
      <Filter>ヘッダー ファイル\Common</Filter>
    </ClInclude>
    <ClInclude Include="MGApplicationMain.h">
      <Filter>ヘッダー ファイル\Common</Filter>
    </ClInclude>
    <ClInclude Include="MGBoard.h">
      <Filter>ヘッダー ファイル\Common</Filter>
    </ClInclude>
    <ClInclude Include="MGPiece.h">
      <Filter>ヘッダー ファイル\Common</Filter>
    </ClInclude>
    <ClInclude Include="MGTimer.h">
      <Filter>ヘッダー ファイル\Common</Filter>
    </ClInclude>
  </ItemGroup>
</Project>